
Microsoft Visual Studio Solution File, Format Version 12.00
# Visual Studio Version 16
VisualStudioVersion = 16.0.31605.320
MinimumVisualStudioVersion = 10.0.40219.1
Project("{8BC9CEB8-8B4A-11D0-8D11-00A0C91BC942}") = "vrEmu6502", "vrEmu6502\vrEmu6502.vcxproj", "{48C4F807-8231-4E48-B6C3-4A77F28DB578}"
EndProject
Project("{8BC9CEB8-8B4A-11D0-8D11-00A0C91BC942}") = "vrEmu6502Test", "vrEmu6502Test\vrEmu6502Test.vcxproj", "{0BEB6116-F970-4E70-A427-7FBD0CB9B53D}"
EndProject
Global
	GlobalSection(SolutionConfigurationPlatforms) = preSolution
		Debug|x64 = Debug|x64
		Release|x64 = Release|x64
	EndGlobalSection
	GlobalSection(ProjectConfigurationPlatforms) = postSolution
		{48C4F807-8231-4E48-B6C3-4A77F28DB578}.Debug|x64.ActiveCfg = Debug|x64
		{48C4F807-8231-4E48-B6C3-4A77F28DB578}.Debug|x64.Build.0 = Debug|x64
		{48C4F807-8231-4E48-B6C3-4A77F28DB578}.Release|x64.ActiveCfg = Release|x64
		{48C4F807-8231-4E48-B6C3-4A77F28DB578}.Release|x64.Build.0 = Release|x64
		{0BEB6116-F970-4E70-A427-7FBD0CB9B53D}.Debug|x64.ActiveCfg = Debug|x64
		{0BEB6116-F970-4E70-A427-7FBD0CB9B53D}.Debug|x64.Build.0 = Debug|x64
		{0BEB6116-F970-4E70-A427-7FBD0CB9B53D}.Release|x64.ActiveCfg = Release|x64
		{0BEB6116-F970-4E70-A427-7FBD0CB9B53D}.Release|x64.Build.0 = Release|x64
	EndGlobalSection
	GlobalSection(SolutionProperties) = preSolution
		HideSolutionNode = FALSE
	EndGlobalSection
	GlobalSection(ExtensibilityGlobals) = postSolution
		SolutionGuid = {D311F3BC-A4EB-49EA-A97D-14A1272E7A51}
	EndGlobalSection
EndGlobal
